
Microsoft Visual Studio Solution File, Format Version 12.00
# Visual Studio Version 17
VisualStudioVersion = 17.6.33815.320
MinimumVisualStudioVersion = 10.0.40219.1
Project("{9A19103F-16F7-4668-BE54-9A1E7A4F7556}") = "Flex_TEST", "Flex_TEST\Flex_TEST.csproj", "{5693F3D1-7E44-4BCC-B0BB-903F4452017D}"
EndProject
Project("{2150E333-8FDC-42A3-9474-1A3956D46DE8}") = "方案項目", "方案項目", "{F09E45AA-4884-4522-A3E2-457982D56FBE}"
	ProjectSection(SolutionItems) = preProject
		ActivityReadMe.txt = ActivityReadMe.txt
	EndProjectSection
EndProject
Global
	GlobalSection(SolutionConfigurationPlatforms) = preSolution
		Debug|Any CPU = Debug|Any CPU
		Release|Any CPU = Release|Any CPU
	EndGlobalSection
	GlobalSection(ProjectConfigurationPlatforms) = postSolution
		{5693F3D1-7E44-4BCC-B0BB-903F4452017D}.Debug|Any CPU.ActiveCfg = Debug|Any CPU
		{5693F3D1-7E44-4BCC-B0BB-903F4452017D}.Debug|Any CPU.Build.0 = Debug|Any CPU
		{5693F3D1-7E44-4BCC-B0BB-903F4452017D}.Release|Any CPU.ActiveCfg = Release|Any CPU
		{5693F3D1-7E44-4BCC-B0BB-903F4452017D}.Release|Any CPU.Build.0 = Release|Any CPU
	EndGlobalSection
	GlobalSection(SolutionProperties) = preSolution
		HideSolutionNode = FALSE
	EndGlobalSection
	GlobalSection(ExtensibilityGlobals) = postSolution
		SolutionGuid = {97EE0961-E984-4BE5-845A-E426C19F0F41}
	EndGlobalSection
EndGlobal
